<?xml version="1.0" encoding="utf-8"?>
<Project ToolsVersion="4.0" xmlns="http://schemas.microsoft.com/developer/msbuild/2003">
  <ItemGroup>
    <Filter Include="Source Files">
      <UniqueIdentifier>{B54FD7ED-930F-408C-9152-C02CBFD2509E}</UniqueIdentifier>
    </Filter>
    <Filter Include="Header Files">
      <UniqueIdentifier>{4CEDF4E1-1D0C-489C-868B-4A22F01CD0BC}</UniqueIdentifier>
    </Filter>
    <Filter Include="Input Files">
      <UniqueIdentifier>{97E10666-E6BF-4B56-974E-1E33C7D9E48F}</UniqueIdentifier>
    </Filter>
  </ItemGroup>
  <ItemGroup>
    <ClCompile Include="FortuneVoronoi.cpp">
      <Filter>Source Files</Filter>
    </ClCompile>
    <ClCompile Include="..\include\Commons.cpp">
      <Filter>Source Files</Filter>
    </ClCompile>
  </ItemGroup>
  <ItemGroup>
    <ClInclude Include="FortuneAPI.h">
      <Filter>Header Files</Filter>
    </ClInclude>
    <ClInclude Include="..\include\Commons.h">
      <Filter>Header Files</Filter>
    </ClInclude>
    <ClInclude Include="..\include\GeometryScene.h">
      <Filter>Header Files</Filter>
    </ClInclude>
  </ItemGroup>
  <ItemGroup>
    <None Include="input.txt">
      <Filter>Input Files</Filter>
    </None>
  </ItemGroup>
</Project>
